
Microsoft Visual Studio Solution File, Format Version 12.00
# Visual Studio Version 16
VisualStudioVersion = 16.0.31911.196
MinimumVisualStudioVersion = 10.0.40219.1
Project("{FAE04EC0-301F-11D3-BF4B-00C04F79EFBC}") = "mantis-tests", "mantis-tests.csproj", "{04E14FF8-886C-4180-8F95-B5D3CEBB0F31}"
EndProject
Global
	GlobalSection(SolutionConfigurationPlatforms) = preSolution
		Debug|Any CPU = Debug|Any CPU
		Release|Any CPU = Release|Any CPU
	EndGlobalSection
	GlobalSection(ProjectConfigurationPlatforms) = postSolution
		{04E14FF8-886C-4180-8F95-B5D3CEBB0F31}.Debug|Any CPU.ActiveCfg = Debug|Any CPU
		{04E14FF8-886C-4180-8F95-B5D3CEBB0F31}.Debug|Any CPU.Build.0 = Debug|Any CPU
		{04E14FF8-886C-4180-8F95-B5D3CEBB0F31}.Release|Any CPU.ActiveCfg = Release|Any CPU
		{04E14FF8-886C-4180-8F95-B5D3CEBB0F31}.Release|Any CPU.Build.0 = Release|Any CPU
	EndGlobalSection
	GlobalSection(SolutionProperties) = preSolution
		HideSolutionNode = FALSE
	EndGlobalSection
	GlobalSection(ExtensibilityGlobals) = postSolution
		SolutionGuid = {8E5AC082-6B03-45EC-A105-9B89614311C6}
	EndGlobalSection
EndGlobal
